
Microsoft Visual Studio Solution File, Format Version 12.00
# Visual Studio Version 17
VisualStudioVersion = 17.14.37111.16 d17.14
MinimumVisualStudioVersion = 10.0.40219.1
Project("{FAE04EC0-301F-11D3-BF4B-00C04F79EFBC}") = "COMP003B.LectureActivity4", "COMP003B.LectureActivity4\COMP003B.LectureActivity4.csproj", "{B165376E-00C7-41B6-B3A3-ACBB21E52754}"
EndProject
Global
	GlobalSection(SolutionConfigurationPlatforms) = preSolution
		Debug|Any CPU = Debug|Any CPU
		Release|Any CPU = Release|Any CPU
	EndGlobalSection
	GlobalSection(ProjectConfigurationPlatforms) = postSolution
		{B165376E-00C7-41B6-B3A3-ACBB21E52754}.Debug|Any CPU.ActiveCfg = Debug|Any CPU
		{B165376E-00C7-41B6-B3A3-ACBB21E52754}.Debug|Any CPU.Build.0 = Debug|Any CPU
		{B165376E-00C7-41B6-B3A3-ACBB21E52754}.Release|Any CPU.ActiveCfg = Release|Any CPU
		{B165376E-00C7-41B6-B3A3-ACBB21E52754}.Release|Any CPU.Build.0 = Release|Any CPU
	EndGlobalSection
	GlobalSection(SolutionProperties) = preSolution
		HideSolutionNode = FALSE
	EndGlobalSection
	GlobalSection(ExtensibilityGlobals) = postSolution
		SolutionGuid = {E1CC7AF0-ED4B-4783-BAF8-83FEF05D3270}
	EndGlobalSection
EndGlobal
